
Microsoft Visual Studio Solution File, Format Version 12.00
# Visual Studio 15
VisualStudioVersion = 15.0.27130.2027
MinimumVisualStudioVersion = 10.0.40219.1
Project("{8BC9CEB8-8B4A-11D0-8D11-00A0C91BC942}") = "Problem1", "Problem1\Problem1.vcxproj", "{17A7D8D6-3E0F-492F-A687-CC2F2E8603DC}"
EndProject
Global
	GlobalSection(SolutionConfigurationPlatforms) = preSolution
		Debug|x64 = Debug|x64
		Debug|x86 = Debug|x86
		Release|x64 = Release|x64
		Release|x86 = Release|x86
	EndGlobalSection
	GlobalSection(ProjectConfigurationPlatforms) = postSolution
		{17A7D8D6-3E0F-492F-A687-CC2F2E8603DC}.Debug|x64.ActiveCfg = Debug|x64
		{17A7D8D6-3E0F-492F-A687-CC2F2E8603DC}.Debug|x64.Build.0 = Debug|x64
		{17A7D8D6-3E0F-492F-A687-CC2F2E8603DC}.Debug|x86.ActiveCfg = Debug|Win32
		{17A7D8D6-3E0F-492F-A687-CC2F2E8603DC}.Debug|x86.Build.0 = Debug|Win32
		{17A7D8D6-3E0F-492F-A687-CC2F2E8603DC}.Release|x64.ActiveCfg = Release|x64
		{17A7D8D6-3E0F-492F-A687-CC2F2E8603DC}.Release|x64.Build.0 = Release|x64
		{17A7D8D6-3E0F-492F-A687-CC2F2E8603DC}.Release|x86.ActiveCfg = Release|Win32
		{17A7D8D6-3E0F-492F-A687-CC2F2E8603DC}.Release|x86.Build.0 = Release|Win32
	EndGlobalSection
	GlobalSection(SolutionProperties) = preSolution
		HideSolutionNode = FALSE
	EndGlobalSection
	GlobalSection(ExtensibilityGlobals) = postSolution
		SolutionGuid = {96857BAE-7E45-4D92-838D-7B33677F0DE3}
	EndGlobalSection
EndGlobal
