
Microsoft Visual Studio Solution File, Format Version 12.00
# Visual Studio 15
VisualStudioVersion = 15.0.27130.2027
MinimumVisualStudioVersion = 10.0.40219.1
Project("{8BC9CEB8-8B4A-11D0-8D11-00A0C91BC942}") = "Problem001", "Problem1\Problem1.vcxproj", "{17A7D8D6-3E0F-492F-A687-CC2F2E8603DC}"
	ProjectSection(ProjectDependencies) = postProject
		{251E3176-52DD-42E8-98AF-84A842B44AAA} = {251E3176-52DD-42E8-98AF-84A842B44AAA}
	EndProjectSection
EndProject
Project("{8BC9CEB8-8B4A-11D0-8D11-00A0C91BC942}") = "Problem002", "Problem2\Problem2.vcxproj", "{5383423D-C82E-4F1F-B972-40FC6222CF21}"
	ProjectSection(ProjectDependencies) = postProject
		{251E3176-52DD-42E8-98AF-84A842B44AAA} = {251E3176-52DD-42E8-98AF-84A842B44AAA}
	EndProjectSection
EndProject
Project("{8BC9CEB8-8B4A-11D0-8D11-00A0C91BC942}") = "EulerLib", "EulerLib\EulerLib.vcxproj", "{251E3176-52DD-42E8-98AF-84A842B44AAA}"
EndProject
Project("{8BC9CEB8-8B4A-11D0-8D11-00A0C91BC942}") = "Problem003", "Problem3\Problem3.vcxproj", "{19517EA0-0722-4829-9C43-FC1A8A5C32ED}"
	ProjectSection(ProjectDependencies) = postProject
		{251E3176-52DD-42E8-98AF-84A842B44AAA} = {251E3176-52DD-42E8-98AF-84A842B44AAA}
	EndProjectSection
EndProject
Project("{8BC9CEB8-8B4A-11D0-8D11-00A0C91BC942}") = "Problem004", "Problem04\Problem04.vcxproj", "{8AE0656A-9AC0-4C60-A4F6-D0FC6711C705}"
	ProjectSection(ProjectDependencies) = postProject
		{251E3176-52DD-42E8-98AF-84A842B44AAA} = {251E3176-52DD-42E8-98AF-84A842B44AAA}
	EndProjectSection
EndProject
Project("{8BC9CEB8-8B4A-11D0-8D11-00A0C91BC942}") = "Problem005", "Problem005\Problem005.vcxproj", "{C91D0FD2-0441-494B-8C10-3195E87BFFBB}"
	ProjectSection(ProjectDependencies) = postProject
		{251E3176-52DD-42E8-98AF-84A842B44AAA} = {251E3176-52DD-42E8-98AF-84A842B44AAA}
	EndProjectSection
EndProject
Project("{2150E333-8FDC-42A3-9474-1A3956D46DE8}") = "1-10", "1-10", "{B184A900-616A-4C2C-B723-2DA2AB113932}"
EndProject
Project("{8BC9CEB8-8B4A-11D0-8D11-00A0C91BC942}") = "Problem006", "Problem006\Problem006.vcxproj", "{DD7D98BB-2C1C-4512-AFFA-B8E879607526}"
	ProjectSection(ProjectDependencies) = postProject
		{251E3176-52DD-42E8-98AF-84A842B44AAA} = {251E3176-52DD-42E8-98AF-84A842B44AAA}
	EndProjectSection
EndProject
Project("{8BC9CEB8-8B4A-11D0-8D11-00A0C91BC942}") = "Problem007", "Problem007\Problem007.vcxproj", "{6650F39F-6F74-4006-B9C1-FF5EF82FF2D4}"
	ProjectSection(ProjectDependencies) = postProject
		{251E3176-52DD-42E8-98AF-84A842B44AAA} = {251E3176-52DD-42E8-98AF-84A842B44AAA}
	EndProjectSection
EndProject
Global
	GlobalSection(SolutionConfigurationPlatforms) = preSolution
		Debug|x64 = Debug|x64
		Debug|x86 = Debug|x86
		Release|x64 = Release|x64
		Release|x86 = Release|x86
	EndGlobalSection
	GlobalSection(ProjectConfigurationPlatforms) = postSolution
		{17A7D8D6-3E0F-492F-A687-CC2F2E8603DC}.Debug|x64.ActiveCfg = Debug|x64
		{17A7D8D6-3E0F-492F-A687-CC2F2E8603DC}.Debug|x64.Build.0 = Debug|x64
		{17A7D8D6-3E0F-492F-A687-CC2F2E8603DC}.Debug|x86.ActiveCfg = Debug|Win32
		{17A7D8D6-3E0F-492F-A687-CC2F2E8603DC}.Debug|x86.Build.0 = Debug|Win32
		{17A7D8D6-3E0F-492F-A687-CC2F2E8603DC}.Release|x64.ActiveCfg = Release|x64
		{17A7D8D6-3E0F-492F-A687-CC2F2E8603DC}.Release|x64.Build.0 = Release|x64
		{17A7D8D6-3E0F-492F-A687-CC2F2E8603DC}.Release|x86.ActiveCfg = Release|Win32
		{17A7D8D6-3E0F-492F-A687-CC2F2E8603DC}.Release|x86.Build.0 = Release|Win32
		{5383423D-C82E-4F1F-B972-40FC6222CF21}.Debug|x64.ActiveCfg = Debug|x64
		{5383423D-C82E-4F1F-B972-40FC6222CF21}.Debug|x64.Build.0 = Debug|x64
		{5383423D-C82E-4F1F-B972-40FC6222CF21}.Debug|x86.ActiveCfg = Debug|Win32
		{5383423D-C82E-4F1F-B972-40FC6222CF21}.Debug|x86.Build.0 = Debug|Win32
		{5383423D-C82E-4F1F-B972-40FC6222CF21}.Release|x64.ActiveCfg = Release|x64
		{5383423D-C82E-4F1F-B972-40FC6222CF21}.Release|x64.Build.0 = Release|x64
		{5383423D-C82E-4F1F-B972-40FC6222CF21}.Release|x86.ActiveCfg = Release|Win32
		{5383423D-C82E-4F1F-B972-40FC6222CF21}.Release|x86.Build.0 = Release|Win32
		{251E3176-52DD-42E8-98AF-84A842B44AAA}.Debug|x64.ActiveCfg = Debug|x64
		{251E3176-52DD-42E8-98AF-84A842B44AAA}.Debug|x64.Build.0 = Debug|x64
		{251E3176-52DD-42E8-98AF-84A842B44AAA}.Debug|x86.ActiveCfg = Debug|Win32
		{251E3176-52DD-42E8-98AF-84A842B44AAA}.Debug|x86.Build.0 = Debug|Win32
		{251E3176-52DD-42E8-98AF-84A842B44AAA}.Release|x64.ActiveCfg = Release|x64
		{251E3176-52DD-42E8-98AF-84A842B44AAA}.Release|x64.Build.0 = Release|x64
		{251E3176-52DD-42E8-98AF-84A842B44AAA}.Release|x86.ActiveCfg = Release|Win32
		{251E3176-52DD-42E8-98AF-84A842B44AAA}.Release|x86.Build.0 = Release|Win32
		{19517EA0-0722-4829-9C43-FC1A8A5C32ED}.Debug|x64.ActiveCfg = Debug|x64
		{19517EA0-0722-4829-9C43-FC1A8A5C32ED}.Debug|x64.Build.0 = Debug|x64
		{19517EA0-0722-4829-9C43-FC1A8A5C32ED}.Debug|x86.ActiveCfg = Debug|Win32
		{19517EA0-0722-4829-9C43-FC1A8A5C32ED}.Debug|x86.Build.0 = Debug|Win32
		{19517EA0-0722-4829-9C43-FC1A8A5C32ED}.Release|x64.ActiveCfg = Release|x64
		{19517EA0-0722-4829-9C43-FC1A8A5C32ED}.Release|x64.Build.0 = Release|x64
		{19517EA0-0722-4829-9C43-FC1A8A5C32ED}.Release|x86.ActiveCfg = Release|Win32
		{19517EA0-0722-4829-9C43-FC1A8A5C32ED}.Release|x86.Build.0 = Release|Win32
		{8AE0656A-9AC0-4C60-A4F6-D0FC6711C705}.Debug|x64.ActiveCfg = Debug|x64
		{8AE0656A-9AC0-4C60-A4F6-D0FC6711C705}.Debug|x64.Build.0 = Debug|x64
		{8AE0656A-9AC0-4C60-A4F6-D0FC6711C705}.Debug|x86.ActiveCfg = Debug|Win32
		{8AE0656A-9AC0-4C60-A4F6-D0FC6711C705}.Debug|x86.Build.0 = Debug|Win32
		{8AE0656A-9AC0-4C60-A4F6-D0FC6711C705}.Release|x64.ActiveCfg = Release|x64
		{8AE0656A-9AC0-4C60-A4F6-D0FC6711C705}.Release|x64.Build.0 = Release|x64
		{8AE0656A-9AC0-4C60-A4F6-D0FC6711C705}.Release|x86.ActiveCfg = Release|Win32
		{8AE0656A-9AC0-4C60-A4F6-D0FC6711C705}.Release|x86.Build.0 = Release|Win32
		{C91D0FD2-0441-494B-8C10-3195E87BFFBB}.Debug|x64.ActiveCfg = Debug|x64
		{C91D0FD2-0441-494B-8C10-3195E87BFFBB}.Debug|x64.Build.0 = Debug|x64
		{C91D0FD2-0441-494B-8C10-3195E87BFFBB}.Debug|x86.ActiveCfg = Debug|Win32
		{C91D0FD2-0441-494B-8C10-3195E87BFFBB}.Debug|x86.Build.0 = Debug|Win32
		{C91D0FD2-0441-494B-8C10-3195E87BFFBB}.Release|x64.ActiveCfg = Release|x64
		{C91D0FD2-0441-494B-8C10-3195E87BFFBB}.Release|x64.Build.0 = Release|x64
		{C91D0FD2-0441-494B-8C10-3195E87BFFBB}.Release|x86.ActiveCfg = Release|Win32
		{C91D0FD2-0441-494B-8C10-3195E87BFFBB}.Release|x86.Build.0 = Release|Win32
		{DD7D98BB-2C1C-4512-AFFA-B8E879607526}.Debug|x64.ActiveCfg = Debug|x64
		{DD7D98BB-2C1C-4512-AFFA-B8E879607526}.Debug|x64.Build.0 = Debug|x64
		{DD7D98BB-2C1C-4512-AFFA-B8E879607526}.Debug|x86.ActiveCfg = Debug|Win32
		{DD7D98BB-2C1C-4512-AFFA-B8E879607526}.Debug|x86.Build.0 = Debug|Win32
		{DD7D98BB-2C1C-4512-AFFA-B8E879607526}.Release|x64.ActiveCfg = Release|x64
		{DD7D98BB-2C1C-4512-AFFA-B8E879607526}.Release|x64.Build.0 = Release|x64
		{DD7D98BB-2C1C-4512-AFFA-B8E879607526}.Release|x86.ActiveCfg = Release|Win32
		{DD7D98BB-2C1C-4512-AFFA-B8E879607526}.Release|x86.Build.0 = Release|Win32
		{6650F39F-6F74-4006-B9C1-FF5EF82FF2D4}.Debug|x64.ActiveCfg = Debug|x64
		{6650F39F-6F74-4006-B9C1-FF5EF82FF2D4}.Debug|x64.Build.0 = Debug|x64
		{6650F39F-6F74-4006-B9C1-FF5EF82FF2D4}.Debug|x86.ActiveCfg = Debug|Win32
		{6650F39F-6F74-4006-B9C1-FF5EF82FF2D4}.Debug|x86.Build.0 = Debug|Win32
		{6650F39F-6F74-4006-B9C1-FF5EF82FF2D4}.Release|x64.ActiveCfg = Release|x64
		{6650F39F-6F74-4006-B9C1-FF5EF82FF2D4}.Release|x64.Build.0 = Release|x64
		{6650F39F-6F74-4006-B9C1-FF5EF82FF2D4}.Release|x86.ActiveCfg = Release|Win32
		{6650F39F-6F74-4006-B9C1-FF5EF82FF2D4}.Release|x86.Build.0 = Release|Win32
	EndGlobalSection
	GlobalSection(SolutionProperties) = preSolution
		HideSolutionNode = FALSE
	EndGlobalSection
	GlobalSection(NestedProjects) = preSolution
		{17A7D8D6-3E0F-492F-A687-CC2F2E8603DC} = {B184A900-616A-4C2C-B723-2DA2AB113932}
		{5383423D-C82E-4F1F-B972-40FC6222CF21} = {B184A900-616A-4C2C-B723-2DA2AB113932}
		{19517EA0-0722-4829-9C43-FC1A8A5C32ED} = {B184A900-616A-4C2C-B723-2DA2AB113932}
		{8AE0656A-9AC0-4C60-A4F6-D0FC6711C705} = {B184A900-616A-4C2C-B723-2DA2AB113932}
		{C91D0FD2-0441-494B-8C10-3195E87BFFBB} = {B184A900-616A-4C2C-B723-2DA2AB113932}
	EndGlobalSection
	GlobalSection(ExtensibilityGlobals) = postSolution
		SolutionGuid = {96857BAE-7E45-4D92-838D-7B33677F0DE3}
	EndGlobalSection
EndGlobal
