
Microsoft Visual Studio Solution File, Format Version 12.00
# Visual Studio 15
VisualStudioVersion = 15.0.27130.2027
MinimumVisualStudioVersion = 10.0.40219.1
Project("{8BC9CEB8-8B4A-11D0-8D11-00A0C91BC942}") = "EulerLib", "EulerLib\EulerLib.vcxproj", "{251E3176-52DD-42E8-98AF-84A842B44AAA}"
EndProject
Project("{2150E333-8FDC-42A3-9474-1A3956D46DE8}") = "001-010", "001-010", "{B184A900-616A-4C2C-B723-2DA2AB113932}"
EndProject
Project("{8BC9CEB8-8B4A-11D0-8D11-00A0C91BC942}") = "Problem011", "001-100\011-020\Problem011\Problem011.vcxproj", "{7AB985E8-AC83-4EFA-AAC8-A7F9E30DB1D4}"
EndProject
Project("{2150E333-8FDC-42A3-9474-1A3956D46DE8}") = "001-100", "001-100", "{D549104E-E370-474D-B089-CA0EA0CE446A}"
EndProject
Project("{2150E333-8FDC-42A3-9474-1A3956D46DE8}") = "011-020", "011-020", "{024BAAAE-AABF-4510-ABC9-EE5E86AEF7C0}"
EndProject
Project("{8BC9CEB8-8B4A-11D0-8D11-00A0C91BC942}") = "Problem001", "001-100\001-010\Problem001\Problem001.vcxproj", "{17A7D8D6-3E0F-492F-A687-CC2F2E8603DC}"
	ProjectSection(ProjectDependencies) = postProject
		{251E3176-52DD-42E8-98AF-84A842B44AAA} = {251E3176-52DD-42E8-98AF-84A842B44AAA}
	EndProjectSection
EndProject
Project("{8BC9CEB8-8B4A-11D0-8D11-00A0C91BC942}") = "Problem002", "001-100\001-010\Problem002\Problem002.vcxproj", "{5383423D-C82E-4F1F-B972-40FC6222CF21}"
	ProjectSection(ProjectDependencies) = postProject
		{251E3176-52DD-42E8-98AF-84A842B44AAA} = {251E3176-52DD-42E8-98AF-84A842B44AAA}
	EndProjectSection
EndProject
Project("{8BC9CEB8-8B4A-11D0-8D11-00A0C91BC942}") = "Problem003", "001-100\001-010\Problem003\Problem003.vcxproj", "{19517EA0-0722-4829-9C43-FC1A8A5C32ED}"
	ProjectSection(ProjectDependencies) = postProject
		{251E3176-52DD-42E8-98AF-84A842B44AAA} = {251E3176-52DD-42E8-98AF-84A842B44AAA}
	EndProjectSection
EndProject
Project("{8BC9CEB8-8B4A-11D0-8D11-00A0C91BC942}") = "Problem004", "001-100\001-010\Problem004\Problem004.vcxproj", "{8AE0656A-9AC0-4C60-A4F6-D0FC6711C705}"
	ProjectSection(ProjectDependencies) = postProject
		{251E3176-52DD-42E8-98AF-84A842B44AAA} = {251E3176-52DD-42E8-98AF-84A842B44AAA}
	EndProjectSection
EndProject
Project("{8BC9CEB8-8B4A-11D0-8D11-00A0C91BC942}") = "Problem005", "001-100\001-010\Problem005\Problem005.vcxproj", "{C91D0FD2-0441-494B-8C10-3195E87BFFBB}"
	ProjectSection(ProjectDependencies) = postProject
		{251E3176-52DD-42E8-98AF-84A842B44AAA} = {251E3176-52DD-42E8-98AF-84A842B44AAA}
	EndProjectSection
EndProject
Project("{8BC9CEB8-8B4A-11D0-8D11-00A0C91BC942}") = "Problem006", "001-100\001-010\Problem006\Problem006.vcxproj", "{DD7D98BB-2C1C-4512-AFFA-B8E879607526}"
EndProject
Project("{8BC9CEB8-8B4A-11D0-8D11-00A0C91BC942}") = "Problem007", "001-100\001-010\Problem007\Problem007.vcxproj", "{6650F39F-6F74-4006-B9C1-FF5EF82FF2D4}"
EndProject
Project("{8BC9CEB8-8B4A-11D0-8D11-00A0C91BC942}") = "Problem008", "001-100\001-010\Problem008\Problem008.vcxproj", "{47EE5B29-7727-4E42-9BD8-AD9C15D9B6B8}"
EndProject
Project("{8BC9CEB8-8B4A-11D0-8D11-00A0C91BC942}") = "Problem009", "001-100\001-010\Problem009\Problem009.vcxproj", "{C19C5BC1-3E48-4965-B15A-D3D16895CE95}"
EndProject
Project("{8BC9CEB8-8B4A-11D0-8D11-00A0C91BC942}") = "Problem010", "001-100\001-010\Problem010\Problem010.vcxproj", "{310D0ECD-7AFA-4D99-9EBA-604DF5FA639A}"
EndProject
Project("{8BC9CEB8-8B4A-11D0-8D11-00A0C91BC942}") = "Problem012", "001-100\011-020\Problem012\Problem012.vcxproj", "{B6D1CD25-F74D-4907-8FDF-6D3DD7DFD175}"
	ProjectSection(ProjectDependencies) = postProject
		{251E3176-52DD-42E8-98AF-84A842B44AAA} = {251E3176-52DD-42E8-98AF-84A842B44AAA}
	EndProjectSection
EndProject
Project("{8BC9CEB8-8B4A-11D0-8D11-00A0C91BC942}") = "Problem013", "001-100\011-020\Problem013\Problem013.vcxproj", "{286E8985-C4E2-4521-A9E8-343E673B3F05}"
EndProject
Project("{8BC9CEB8-8B4A-11D0-8D11-00A0C91BC942}") = "Problem014", "001-100\011-020\Problem014\Problem014.vcxproj", "{973DF275-8C8B-4C10-A92C-593BA4A71A8C}"
	ProjectSection(ProjectDependencies) = postProject
		{251E3176-52DD-42E8-98AF-84A842B44AAA} = {251E3176-52DD-42E8-98AF-84A842B44AAA}
	EndProjectSection
EndProject
Project("{8BC9CEB8-8B4A-11D0-8D11-00A0C91BC942}") = "Problem015", "001-100\011-020\Problem015\Problem015.vcxproj", "{39036D1A-2B9A-4368-852F-CC8A9D345086}"
	ProjectSection(ProjectDependencies) = postProject
		{251E3176-52DD-42E8-98AF-84A842B44AAA} = {251E3176-52DD-42E8-98AF-84A842B44AAA}
	EndProjectSection
EndProject
Project("{8BC9CEB8-8B4A-11D0-8D11-00A0C91BC942}") = "Problem016", "001-100\011-020\Problem016\Problem016.vcxproj", "{85ED69EB-53B6-4635-8537-21A4AF43C0A1}"
	ProjectSection(ProjectDependencies) = postProject
		{251E3176-52DD-42E8-98AF-84A842B44AAA} = {251E3176-52DD-42E8-98AF-84A842B44AAA}
	EndProjectSection
EndProject
Project("{8BC9CEB8-8B4A-11D0-8D11-00A0C91BC942}") = "Problem017", "001-100\011-020\Problem017\Problem017.vcxproj", "{20C31D98-B66B-4166-8416-81A3E748B5E2}"
	ProjectSection(ProjectDependencies) = postProject
		{251E3176-52DD-42E8-98AF-84A842B44AAA} = {251E3176-52DD-42E8-98AF-84A842B44AAA}
	EndProjectSection
EndProject
Project("{8BC9CEB8-8B4A-11D0-8D11-00A0C91BC942}") = "Problem018", "001-100\011-020\Problem018\Problem018.vcxproj", "{C6B1FABD-38DC-4708-BE08-9119E12FE898}"
EndProject
Project("{8BC9CEB8-8B4A-11D0-8D11-00A0C91BC942}") = "Problem020", "001-100\011-020\Problem020\Problem020.vcxproj", "{E016638F-1191-4515-9726-5A4DE00AB95D}"
	ProjectSection(ProjectDependencies) = postProject
		{251E3176-52DD-42E8-98AF-84A842B44AAA} = {251E3176-52DD-42E8-98AF-84A842B44AAA}
	EndProjectSection
EndProject
Project("{8BC9CEB8-8B4A-11D0-8D11-00A0C91BC942}") = "Problem019", "001-100\011-020\Problem019\Problem019.vcxproj", "{DD06E543-FA94-47FE-97C6-FF3324EE7CA6}"
EndProject
Project("{2150E333-8FDC-42A3-9474-1A3956D46DE8}") = "021-030", "021-030", "{1674B129-CF36-428F-AE71-A3203C8ED235}"
EndProject
Project("{8BC9CEB8-8B4A-11D0-8D11-00A0C91BC942}") = "Problem021", "001-100\021-030\Problem021\Problem021.vcxproj", "{2901C757-36C3-449A-B56E-82920D59D28B}"
	ProjectSection(ProjectDependencies) = postProject
		{251E3176-52DD-42E8-98AF-84A842B44AAA} = {251E3176-52DD-42E8-98AF-84A842B44AAA}
	EndProjectSection
EndProject
Project("{8BC9CEB8-8B4A-11D0-8D11-00A0C91BC942}") = "Problem022", "001-100\021-030\Problem022\Problem022.vcxproj", "{119DA2EA-689B-4693-BDA4-B0475DA619F5}"
EndProject
Project("{8BC9CEB8-8B4A-11D0-8D11-00A0C91BC942}") = "Problem023", "001-100\021-030\Problem023\Problem023.vcxproj", "{468FDFFE-0D3E-4DE3-B071-041242371559}"
EndProject
Project("{8BC9CEB8-8B4A-11D0-8D11-00A0C91BC942}") = "Problem024", "Problem024\Problem024.vcxproj", "{C0D641FA-DCB2-45EC-83B5-FF9D082CF2AD}"
EndProject
Global
	GlobalSection(SolutionConfigurationPlatforms) = preSolution
		Debug|x64 = Debug|x64
		Debug|x86 = Debug|x86
		Release|x64 = Release|x64
		Release|x86 = Release|x86
	EndGlobalSection
	GlobalSection(ProjectConfigurationPlatforms) = postSolution
		{251E3176-52DD-42E8-98AF-84A842B44AAA}.Debug|x64.ActiveCfg = Debug|x64
		{251E3176-52DD-42E8-98AF-84A842B44AAA}.Debug|x64.Build.0 = Debug|x64
		{251E3176-52DD-42E8-98AF-84A842B44AAA}.Debug|x86.ActiveCfg = Debug|Win32
		{251E3176-52DD-42E8-98AF-84A842B44AAA}.Debug|x86.Build.0 = Debug|Win32
		{251E3176-52DD-42E8-98AF-84A842B44AAA}.Release|x64.ActiveCfg = Release|x64
		{251E3176-52DD-42E8-98AF-84A842B44AAA}.Release|x64.Build.0 = Release|x64
		{251E3176-52DD-42E8-98AF-84A842B44AAA}.Release|x86.ActiveCfg = Release|Win32
		{251E3176-52DD-42E8-98AF-84A842B44AAA}.Release|x86.Build.0 = Release|Win32
		{7AB985E8-AC83-4EFA-AAC8-A7F9E30DB1D4}.Debug|x64.ActiveCfg = Debug|x64
		{7AB985E8-AC83-4EFA-AAC8-A7F9E30DB1D4}.Debug|x64.Build.0 = Debug|x64
		{7AB985E8-AC83-4EFA-AAC8-A7F9E30DB1D4}.Debug|x86.ActiveCfg = Debug|Win32
		{7AB985E8-AC83-4EFA-AAC8-A7F9E30DB1D4}.Debug|x86.Build.0 = Debug|Win32
		{7AB985E8-AC83-4EFA-AAC8-A7F9E30DB1D4}.Release|x64.ActiveCfg = Release|x64
		{7AB985E8-AC83-4EFA-AAC8-A7F9E30DB1D4}.Release|x64.Build.0 = Release|x64
		{7AB985E8-AC83-4EFA-AAC8-A7F9E30DB1D4}.Release|x86.ActiveCfg = Release|Win32
		{7AB985E8-AC83-4EFA-AAC8-A7F9E30DB1D4}.Release|x86.Build.0 = Release|Win32
		{17A7D8D6-3E0F-492F-A687-CC2F2E8603DC}.Debug|x64.ActiveCfg = Debug|x64
		{17A7D8D6-3E0F-492F-A687-CC2F2E8603DC}.Debug|x64.Build.0 = Debug|x64
		{17A7D8D6-3E0F-492F-A687-CC2F2E8603DC}.Debug|x86.ActiveCfg = Debug|Win32
		{17A7D8D6-3E0F-492F-A687-CC2F2E8603DC}.Debug|x86.Build.0 = Debug|Win32
		{17A7D8D6-3E0F-492F-A687-CC2F2E8603DC}.Release|x64.ActiveCfg = Release|x64
		{17A7D8D6-3E0F-492F-A687-CC2F2E8603DC}.Release|x64.Build.0 = Release|x64
		{17A7D8D6-3E0F-492F-A687-CC2F2E8603DC}.Release|x86.ActiveCfg = Release|Win32
		{17A7D8D6-3E0F-492F-A687-CC2F2E8603DC}.Release|x86.Build.0 = Release|Win32
		{5383423D-C82E-4F1F-B972-40FC6222CF21}.Debug|x64.ActiveCfg = Debug|x64
		{5383423D-C82E-4F1F-B972-40FC6222CF21}.Debug|x64.Build.0 = Debug|x64
		{5383423D-C82E-4F1F-B972-40FC6222CF21}.Debug|x86.ActiveCfg = Debug|Win32
		{5383423D-C82E-4F1F-B972-40FC6222CF21}.Debug|x86.Build.0 = Debug|Win32
		{5383423D-C82E-4F1F-B972-40FC6222CF21}.Release|x64.ActiveCfg = Release|x64
		{5383423D-C82E-4F1F-B972-40FC6222CF21}.Release|x64.Build.0 = Release|x64
		{5383423D-C82E-4F1F-B972-40FC6222CF21}.Release|x86.ActiveCfg = Release|Win32
		{5383423D-C82E-4F1F-B972-40FC6222CF21}.Release|x86.Build.0 = Release|Win32
		{19517EA0-0722-4829-9C43-FC1A8A5C32ED}.Debug|x64.ActiveCfg = Debug|x64
		{19517EA0-0722-4829-9C43-FC1A8A5C32ED}.Debug|x64.Build.0 = Debug|x64
		{19517EA0-0722-4829-9C43-FC1A8A5C32ED}.Debug|x86.ActiveCfg = Debug|Win32
		{19517EA0-0722-4829-9C43-FC1A8A5C32ED}.Debug|x86.Build.0 = Debug|Win32
		{19517EA0-0722-4829-9C43-FC1A8A5C32ED}.Release|x64.ActiveCfg = Release|x64
		{19517EA0-0722-4829-9C43-FC1A8A5C32ED}.Release|x64.Build.0 = Release|x64
		{19517EA0-0722-4829-9C43-FC1A8A5C32ED}.Release|x86.ActiveCfg = Release|Win32
		{19517EA0-0722-4829-9C43-FC1A8A5C32ED}.Release|x86.Build.0 = Release|Win32
		{8AE0656A-9AC0-4C60-A4F6-D0FC6711C705}.Debug|x64.ActiveCfg = Debug|x64
		{8AE0656A-9AC0-4C60-A4F6-D0FC6711C705}.Debug|x64.Build.0 = Debug|x64
		{8AE0656A-9AC0-4C60-A4F6-D0FC6711C705}.Debug|x86.ActiveCfg = Debug|Win32
		{8AE0656A-9AC0-4C60-A4F6-D0FC6711C705}.Debug|x86.Build.0 = Debug|Win32
		{8AE0656A-9AC0-4C60-A4F6-D0FC6711C705}.Release|x64.ActiveCfg = Release|x64
		{8AE0656A-9AC0-4C60-A4F6-D0FC6711C705}.Release|x64.Build.0 = Release|x64
		{8AE0656A-9AC0-4C60-A4F6-D0FC6711C705}.Release|x86.ActiveCfg = Release|Win32
		{8AE0656A-9AC0-4C60-A4F6-D0FC6711C705}.Release|x86.Build.0 = Release|Win32
		{C91D0FD2-0441-494B-8C10-3195E87BFFBB}.Debug|x64.ActiveCfg = Debug|x64
		{C91D0FD2-0441-494B-8C10-3195E87BFFBB}.Debug|x64.Build.0 = Debug|x64
		{C91D0FD2-0441-494B-8C10-3195E87BFFBB}.Debug|x64.Deploy.0 = Debug|x64
		{C91D0FD2-0441-494B-8C10-3195E87BFFBB}.Debug|x86.ActiveCfg = Debug|Win32
		{C91D0FD2-0441-494B-8C10-3195E87BFFBB}.Debug|x86.Build.0 = Debug|Win32
		{C91D0FD2-0441-494B-8C10-3195E87BFFBB}.Debug|x86.Deploy.0 = Debug|Win32
		{C91D0FD2-0441-494B-8C10-3195E87BFFBB}.Release|x64.ActiveCfg = Release|x64
		{C91D0FD2-0441-494B-8C10-3195E87BFFBB}.Release|x64.Build.0 = Release|x64
		{C91D0FD2-0441-494B-8C10-3195E87BFFBB}.Release|x64.Deploy.0 = Release|x64
		{C91D0FD2-0441-494B-8C10-3195E87BFFBB}.Release|x86.ActiveCfg = Release|Win32
		{C91D0FD2-0441-494B-8C10-3195E87BFFBB}.Release|x86.Build.0 = Release|Win32
		{C91D0FD2-0441-494B-8C10-3195E87BFFBB}.Release|x86.Deploy.0 = Release|Win32
		{DD7D98BB-2C1C-4512-AFFA-B8E879607526}.Debug|x64.ActiveCfg = Debug|x64
		{DD7D98BB-2C1C-4512-AFFA-B8E879607526}.Debug|x64.Build.0 = Debug|x64
		{DD7D98BB-2C1C-4512-AFFA-B8E879607526}.Debug|x64.Deploy.0 = Debug|x64
		{DD7D98BB-2C1C-4512-AFFA-B8E879607526}.Debug|x86.ActiveCfg = Debug|Win32
		{DD7D98BB-2C1C-4512-AFFA-B8E879607526}.Debug|x86.Build.0 = Debug|Win32
		{DD7D98BB-2C1C-4512-AFFA-B8E879607526}.Debug|x86.Deploy.0 = Debug|Win32
		{DD7D98BB-2C1C-4512-AFFA-B8E879607526}.Release|x64.ActiveCfg = Release|x64
		{DD7D98BB-2C1C-4512-AFFA-B8E879607526}.Release|x64.Build.0 = Release|x64
		{DD7D98BB-2C1C-4512-AFFA-B8E879607526}.Release|x64.Deploy.0 = Release|x64
		{DD7D98BB-2C1C-4512-AFFA-B8E879607526}.Release|x86.ActiveCfg = Release|Win32
		{DD7D98BB-2C1C-4512-AFFA-B8E879607526}.Release|x86.Build.0 = Release|Win32
		{DD7D98BB-2C1C-4512-AFFA-B8E879607526}.Release|x86.Deploy.0 = Release|Win32
		{6650F39F-6F74-4006-B9C1-FF5EF82FF2D4}.Debug|x64.ActiveCfg = Debug|x64
		{6650F39F-6F74-4006-B9C1-FF5EF82FF2D4}.Debug|x64.Build.0 = Debug|x64
		{6650F39F-6F74-4006-B9C1-FF5EF82FF2D4}.Debug|x64.Deploy.0 = Debug|x64
		{6650F39F-6F74-4006-B9C1-FF5EF82FF2D4}.Debug|x86.ActiveCfg = Debug|Win32
		{6650F39F-6F74-4006-B9C1-FF5EF82FF2D4}.Debug|x86.Build.0 = Debug|Win32
		{6650F39F-6F74-4006-B9C1-FF5EF82FF2D4}.Debug|x86.Deploy.0 = Debug|Win32
		{6650F39F-6F74-4006-B9C1-FF5EF82FF2D4}.Release|x64.ActiveCfg = Release|x64
		{6650F39F-6F74-4006-B9C1-FF5EF82FF2D4}.Release|x64.Build.0 = Release|x64
		{6650F39F-6F74-4006-B9C1-FF5EF82FF2D4}.Release|x64.Deploy.0 = Release|x64
		{6650F39F-6F74-4006-B9C1-FF5EF82FF2D4}.Release|x86.ActiveCfg = Release|Win32
		{6650F39F-6F74-4006-B9C1-FF5EF82FF2D4}.Release|x86.Build.0 = Release|Win32
		{6650F39F-6F74-4006-B9C1-FF5EF82FF2D4}.Release|x86.Deploy.0 = Release|Win32
		{47EE5B29-7727-4E42-9BD8-AD9C15D9B6B8}.Debug|x64.ActiveCfg = Debug|x64
		{47EE5B29-7727-4E42-9BD8-AD9C15D9B6B8}.Debug|x64.Build.0 = Debug|x64
		{47EE5B29-7727-4E42-9BD8-AD9C15D9B6B8}.Debug|x64.Deploy.0 = Debug|x64
		{47EE5B29-7727-4E42-9BD8-AD9C15D9B6B8}.Debug|x86.ActiveCfg = Debug|Win32
		{47EE5B29-7727-4E42-9BD8-AD9C15D9B6B8}.Debug|x86.Build.0 = Debug|Win32
		{47EE5B29-7727-4E42-9BD8-AD9C15D9B6B8}.Debug|x86.Deploy.0 = Debug|Win32
		{47EE5B29-7727-4E42-9BD8-AD9C15D9B6B8}.Release|x64.ActiveCfg = Release|x64
		{47EE5B29-7727-4E42-9BD8-AD9C15D9B6B8}.Release|x64.Build.0 = Release|x64
		{47EE5B29-7727-4E42-9BD8-AD9C15D9B6B8}.Release|x64.Deploy.0 = Release|x64
		{47EE5B29-7727-4E42-9BD8-AD9C15D9B6B8}.Release|x86.ActiveCfg = Release|Win32
		{47EE5B29-7727-4E42-9BD8-AD9C15D9B6B8}.Release|x86.Build.0 = Release|Win32
		{47EE5B29-7727-4E42-9BD8-AD9C15D9B6B8}.Release|x86.Deploy.0 = Release|Win32
		{C19C5BC1-3E48-4965-B15A-D3D16895CE95}.Debug|x64.ActiveCfg = Debug|x64
		{C19C5BC1-3E48-4965-B15A-D3D16895CE95}.Debug|x64.Build.0 = Debug|x64
		{C19C5BC1-3E48-4965-B15A-D3D16895CE95}.Debug|x64.Deploy.0 = Debug|x64
		{C19C5BC1-3E48-4965-B15A-D3D16895CE95}.Debug|x86.ActiveCfg = Debug|Win32
		{C19C5BC1-3E48-4965-B15A-D3D16895CE95}.Debug|x86.Build.0 = Debug|Win32
		{C19C5BC1-3E48-4965-B15A-D3D16895CE95}.Debug|x86.Deploy.0 = Debug|Win32
		{C19C5BC1-3E48-4965-B15A-D3D16895CE95}.Release|x64.ActiveCfg = Release|x64
		{C19C5BC1-3E48-4965-B15A-D3D16895CE95}.Release|x64.Build.0 = Release|x64
		{C19C5BC1-3E48-4965-B15A-D3D16895CE95}.Release|x64.Deploy.0 = Release|x64
		{C19C5BC1-3E48-4965-B15A-D3D16895CE95}.Release|x86.ActiveCfg = Release|Win32
		{C19C5BC1-3E48-4965-B15A-D3D16895CE95}.Release|x86.Build.0 = Release|Win32
		{C19C5BC1-3E48-4965-B15A-D3D16895CE95}.Release|x86.Deploy.0 = Release|Win32
		{310D0ECD-7AFA-4D99-9EBA-604DF5FA639A}.Debug|x64.ActiveCfg = Debug|x64
		{310D0ECD-7AFA-4D99-9EBA-604DF5FA639A}.Debug|x64.Build.0 = Debug|x64
		{310D0ECD-7AFA-4D99-9EBA-604DF5FA639A}.Debug|x64.Deploy.0 = Debug|x64
		{310D0ECD-7AFA-4D99-9EBA-604DF5FA639A}.Debug|x86.ActiveCfg = Debug|Win32
		{310D0ECD-7AFA-4D99-9EBA-604DF5FA639A}.Debug|x86.Build.0 = Debug|Win32
		{310D0ECD-7AFA-4D99-9EBA-604DF5FA639A}.Debug|x86.Deploy.0 = Debug|Win32
		{310D0ECD-7AFA-4D99-9EBA-604DF5FA639A}.Release|x64.ActiveCfg = Release|x64
		{310D0ECD-7AFA-4D99-9EBA-604DF5FA639A}.Release|x64.Build.0 = Release|x64
		{310D0ECD-7AFA-4D99-9EBA-604DF5FA639A}.Release|x64.Deploy.0 = Release|x64
		{310D0ECD-7AFA-4D99-9EBA-604DF5FA639A}.Release|x86.ActiveCfg = Release|Win32
		{310D0ECD-7AFA-4D99-9EBA-604DF5FA639A}.Release|x86.Build.0 = Release|Win32
		{310D0ECD-7AFA-4D99-9EBA-604DF5FA639A}.Release|x86.Deploy.0 = Release|Win32
		{B6D1CD25-F74D-4907-8FDF-6D3DD7DFD175}.Debug|x64.ActiveCfg = Debug|x64
		{B6D1CD25-F74D-4907-8FDF-6D3DD7DFD175}.Debug|x64.Build.0 = Debug|x64
		{B6D1CD25-F74D-4907-8FDF-6D3DD7DFD175}.Debug|x86.ActiveCfg = Debug|Win32
		{B6D1CD25-F74D-4907-8FDF-6D3DD7DFD175}.Debug|x86.Build.0 = Debug|Win32
		{B6D1CD25-F74D-4907-8FDF-6D3DD7DFD175}.Release|x64.ActiveCfg = Release|x64
		{B6D1CD25-F74D-4907-8FDF-6D3DD7DFD175}.Release|x64.Build.0 = Release|x64
		{B6D1CD25-F74D-4907-8FDF-6D3DD7DFD175}.Release|x86.ActiveCfg = Release|Win32
		{B6D1CD25-F74D-4907-8FDF-6D3DD7DFD175}.Release|x86.Build.0 = Release|Win32
		{286E8985-C4E2-4521-A9E8-343E673B3F05}.Debug|x64.ActiveCfg = Debug|x64
		{286E8985-C4E2-4521-A9E8-343E673B3F05}.Debug|x64.Build.0 = Debug|x64
		{286E8985-C4E2-4521-A9E8-343E673B3F05}.Debug|x86.ActiveCfg = Debug|Win32
		{286E8985-C4E2-4521-A9E8-343E673B3F05}.Debug|x86.Build.0 = Debug|Win32
		{286E8985-C4E2-4521-A9E8-343E673B3F05}.Release|x64.ActiveCfg = Release|x64
		{286E8985-C4E2-4521-A9E8-343E673B3F05}.Release|x64.Build.0 = Release|x64
		{286E8985-C4E2-4521-A9E8-343E673B3F05}.Release|x86.ActiveCfg = Release|Win32
		{286E8985-C4E2-4521-A9E8-343E673B3F05}.Release|x86.Build.0 = Release|Win32
		{973DF275-8C8B-4C10-A92C-593BA4A71A8C}.Debug|x64.ActiveCfg = Debug|x64
		{973DF275-8C8B-4C10-A92C-593BA4A71A8C}.Debug|x64.Build.0 = Debug|x64
		{973DF275-8C8B-4C10-A92C-593BA4A71A8C}.Debug|x86.ActiveCfg = Debug|Win32
		{973DF275-8C8B-4C10-A92C-593BA4A71A8C}.Debug|x86.Build.0 = Debug|Win32
		{973DF275-8C8B-4C10-A92C-593BA4A71A8C}.Release|x64.ActiveCfg = Release|x64
		{973DF275-8C8B-4C10-A92C-593BA4A71A8C}.Release|x64.Build.0 = Release|x64
		{973DF275-8C8B-4C10-A92C-593BA4A71A8C}.Release|x86.ActiveCfg = Release|Win32
		{973DF275-8C8B-4C10-A92C-593BA4A71A8C}.Release|x86.Build.0 = Release|Win32
		{39036D1A-2B9A-4368-852F-CC8A9D345086}.Debug|x64.ActiveCfg = Debug|x64
		{39036D1A-2B9A-4368-852F-CC8A9D345086}.Debug|x64.Build.0 = Debug|x64
		{39036D1A-2B9A-4368-852F-CC8A9D345086}.Debug|x86.ActiveCfg = Debug|Win32
		{39036D1A-2B9A-4368-852F-CC8A9D345086}.Debug|x86.Build.0 = Debug|Win32
		{39036D1A-2B9A-4368-852F-CC8A9D345086}.Release|x64.ActiveCfg = Release|x64
		{39036D1A-2B9A-4368-852F-CC8A9D345086}.Release|x64.Build.0 = Release|x64
		{39036D1A-2B9A-4368-852F-CC8A9D345086}.Release|x86.ActiveCfg = Release|Win32
		{39036D1A-2B9A-4368-852F-CC8A9D345086}.Release|x86.Build.0 = Release|Win32
		{85ED69EB-53B6-4635-8537-21A4AF43C0A1}.Debug|x64.ActiveCfg = Debug|x64
		{85ED69EB-53B6-4635-8537-21A4AF43C0A1}.Debug|x64.Build.0 = Debug|x64
		{85ED69EB-53B6-4635-8537-21A4AF43C0A1}.Debug|x86.ActiveCfg = Debug|Win32
		{85ED69EB-53B6-4635-8537-21A4AF43C0A1}.Debug|x86.Build.0 = Debug|Win32
		{85ED69EB-53B6-4635-8537-21A4AF43C0A1}.Release|x64.ActiveCfg = Release|x64
		{85ED69EB-53B6-4635-8537-21A4AF43C0A1}.Release|x64.Build.0 = Release|x64
		{85ED69EB-53B6-4635-8537-21A4AF43C0A1}.Release|x86.ActiveCfg = Release|Win32
		{85ED69EB-53B6-4635-8537-21A4AF43C0A1}.Release|x86.Build.0 = Release|Win32
		{20C31D98-B66B-4166-8416-81A3E748B5E2}.Debug|x64.ActiveCfg = Debug|x64
		{20C31D98-B66B-4166-8416-81A3E748B5E2}.Debug|x64.Build.0 = Debug|x64
		{20C31D98-B66B-4166-8416-81A3E748B5E2}.Debug|x86.ActiveCfg = Debug|Win32
		{20C31D98-B66B-4166-8416-81A3E748B5E2}.Debug|x86.Build.0 = Debug|Win32
		{20C31D98-B66B-4166-8416-81A3E748B5E2}.Release|x64.ActiveCfg = Release|x64
		{20C31D98-B66B-4166-8416-81A3E748B5E2}.Release|x64.Build.0 = Release|x64
		{20C31D98-B66B-4166-8416-81A3E748B5E2}.Release|x86.ActiveCfg = Release|Win32
		{20C31D98-B66B-4166-8416-81A3E748B5E2}.Release|x86.Build.0 = Release|Win32
		{C6B1FABD-38DC-4708-BE08-9119E12FE898}.Debug|x64.ActiveCfg = Debug|x64
		{C6B1FABD-38DC-4708-BE08-9119E12FE898}.Debug|x64.Build.0 = Debug|x64
		{C6B1FABD-38DC-4708-BE08-9119E12FE898}.Debug|x86.ActiveCfg = Debug|Win32
		{C6B1FABD-38DC-4708-BE08-9119E12FE898}.Debug|x86.Build.0 = Debug|Win32
		{C6B1FABD-38DC-4708-BE08-9119E12FE898}.Release|x64.ActiveCfg = Release|x64
		{C6B1FABD-38DC-4708-BE08-9119E12FE898}.Release|x64.Build.0 = Release|x64
		{C6B1FABD-38DC-4708-BE08-9119E12FE898}.Release|x86.ActiveCfg = Release|Win32
		{C6B1FABD-38DC-4708-BE08-9119E12FE898}.Release|x86.Build.0 = Release|Win32
		{E016638F-1191-4515-9726-5A4DE00AB95D}.Debug|x64.ActiveCfg = Debug|x64
		{E016638F-1191-4515-9726-5A4DE00AB95D}.Debug|x64.Build.0 = Debug|x64
		{E016638F-1191-4515-9726-5A4DE00AB95D}.Debug|x86.ActiveCfg = Debug|Win32
		{E016638F-1191-4515-9726-5A4DE00AB95D}.Debug|x86.Build.0 = Debug|Win32
		{E016638F-1191-4515-9726-5A4DE00AB95D}.Release|x64.ActiveCfg = Release|x64
		{E016638F-1191-4515-9726-5A4DE00AB95D}.Release|x64.Build.0 = Release|x64
		{E016638F-1191-4515-9726-5A4DE00AB95D}.Release|x86.ActiveCfg = Release|Win32
		{E016638F-1191-4515-9726-5A4DE00AB95D}.Release|x86.Build.0 = Release|Win32
		{DD06E543-FA94-47FE-97C6-FF3324EE7CA6}.Debug|x64.ActiveCfg = Debug|x64
		{DD06E543-FA94-47FE-97C6-FF3324EE7CA6}.Debug|x64.Build.0 = Debug|x64
		{DD06E543-FA94-47FE-97C6-FF3324EE7CA6}.Debug|x86.ActiveCfg = Debug|Win32
		{DD06E543-FA94-47FE-97C6-FF3324EE7CA6}.Debug|x86.Build.0 = Debug|Win32
		{DD06E543-FA94-47FE-97C6-FF3324EE7CA6}.Release|x64.ActiveCfg = Release|x64
		{DD06E543-FA94-47FE-97C6-FF3324EE7CA6}.Release|x64.Build.0 = Release|x64
		{DD06E543-FA94-47FE-97C6-FF3324EE7CA6}.Release|x86.ActiveCfg = Release|Win32
		{DD06E543-FA94-47FE-97C6-FF3324EE7CA6}.Release|x86.Build.0 = Release|Win32
		{2901C757-36C3-449A-B56E-82920D59D28B}.Debug|x64.ActiveCfg = Debug|x64
		{2901C757-36C3-449A-B56E-82920D59D28B}.Debug|x64.Build.0 = Debug|x64
		{2901C757-36C3-449A-B56E-82920D59D28B}.Debug|x86.ActiveCfg = Debug|Win32
		{2901C757-36C3-449A-B56E-82920D59D28B}.Debug|x86.Build.0 = Debug|Win32
		{2901C757-36C3-449A-B56E-82920D59D28B}.Release|x64.ActiveCfg = Release|x64
		{2901C757-36C3-449A-B56E-82920D59D28B}.Release|x64.Build.0 = Release|x64
		{2901C757-36C3-449A-B56E-82920D59D28B}.Release|x86.ActiveCfg = Release|Win32
		{2901C757-36C3-449A-B56E-82920D59D28B}.Release|x86.Build.0 = Release|Win32
		{119DA2EA-689B-4693-BDA4-B0475DA619F5}.Debug|x64.ActiveCfg = Debug|x64
		{119DA2EA-689B-4693-BDA4-B0475DA619F5}.Debug|x64.Build.0 = Debug|x64
		{119DA2EA-689B-4693-BDA4-B0475DA619F5}.Debug|x86.ActiveCfg = Debug|Win32
		{119DA2EA-689B-4693-BDA4-B0475DA619F5}.Debug|x86.Build.0 = Debug|Win32
		{119DA2EA-689B-4693-BDA4-B0475DA619F5}.Release|x64.ActiveCfg = Release|x64
		{119DA2EA-689B-4693-BDA4-B0475DA619F5}.Release|x64.Build.0 = Release|x64
		{119DA2EA-689B-4693-BDA4-B0475DA619F5}.Release|x86.ActiveCfg = Release|Win32
		{119DA2EA-689B-4693-BDA4-B0475DA619F5}.Release|x86.Build.0 = Release|Win32
		{468FDFFE-0D3E-4DE3-B071-041242371559}.Debug|x64.ActiveCfg = Debug|x64
		{468FDFFE-0D3E-4DE3-B071-041242371559}.Debug|x64.Build.0 = Debug|x64
		{468FDFFE-0D3E-4DE3-B071-041242371559}.Debug|x86.ActiveCfg = Debug|Win32
		{468FDFFE-0D3E-4DE3-B071-041242371559}.Debug|x86.Build.0 = Debug|Win32
		{468FDFFE-0D3E-4DE3-B071-041242371559}.Release|x64.ActiveCfg = Release|x64
		{468FDFFE-0D3E-4DE3-B071-041242371559}.Release|x64.Build.0 = Release|x64
		{468FDFFE-0D3E-4DE3-B071-041242371559}.Release|x86.ActiveCfg = Release|Win32
		{468FDFFE-0D3E-4DE3-B071-041242371559}.Release|x86.Build.0 = Release|Win32
		{C0D641FA-DCB2-45EC-83B5-FF9D082CF2AD}.Debug|x64.ActiveCfg = Debug|x64
		{C0D641FA-DCB2-45EC-83B5-FF9D082CF2AD}.Debug|x64.Build.0 = Debug|x64
		{C0D641FA-DCB2-45EC-83B5-FF9D082CF2AD}.Debug|x86.ActiveCfg = Debug|Win32
		{C0D641FA-DCB2-45EC-83B5-FF9D082CF2AD}.Debug|x86.Build.0 = Debug|Win32
		{C0D641FA-DCB2-45EC-83B5-FF9D082CF2AD}.Release|x64.ActiveCfg = Release|x64
		{C0D641FA-DCB2-45EC-83B5-FF9D082CF2AD}.Release|x64.Build.0 = Release|x64
		{C0D641FA-DCB2-45EC-83B5-FF9D082CF2AD}.Release|x86.ActiveCfg = Release|Win32
		{C0D641FA-DCB2-45EC-83B5-FF9D082CF2AD}.Release|x86.Build.0 = Release|Win32
	EndGlobalSection
	GlobalSection(SolutionProperties) = preSolution
		HideSolutionNode = FALSE
	EndGlobalSection
	GlobalSection(NestedProjects) = preSolution
		{B184A900-616A-4C2C-B723-2DA2AB113932} = {D549104E-E370-474D-B089-CA0EA0CE446A}
		{7AB985E8-AC83-4EFA-AAC8-A7F9E30DB1D4} = {024BAAAE-AABF-4510-ABC9-EE5E86AEF7C0}
		{024BAAAE-AABF-4510-ABC9-EE5E86AEF7C0} = {D549104E-E370-474D-B089-CA0EA0CE446A}
		{17A7D8D6-3E0F-492F-A687-CC2F2E8603DC} = {B184A900-616A-4C2C-B723-2DA2AB113932}
		{5383423D-C82E-4F1F-B972-40FC6222CF21} = {B184A900-616A-4C2C-B723-2DA2AB113932}
		{19517EA0-0722-4829-9C43-FC1A8A5C32ED} = {B184A900-616A-4C2C-B723-2DA2AB113932}
		{8AE0656A-9AC0-4C60-A4F6-D0FC6711C705} = {B184A900-616A-4C2C-B723-2DA2AB113932}
		{C91D0FD2-0441-494B-8C10-3195E87BFFBB} = {B184A900-616A-4C2C-B723-2DA2AB113932}
		{DD7D98BB-2C1C-4512-AFFA-B8E879607526} = {B184A900-616A-4C2C-B723-2DA2AB113932}
		{6650F39F-6F74-4006-B9C1-FF5EF82FF2D4} = {B184A900-616A-4C2C-B723-2DA2AB113932}
		{47EE5B29-7727-4E42-9BD8-AD9C15D9B6B8} = {B184A900-616A-4C2C-B723-2DA2AB113932}
		{C19C5BC1-3E48-4965-B15A-D3D16895CE95} = {B184A900-616A-4C2C-B723-2DA2AB113932}
		{310D0ECD-7AFA-4D99-9EBA-604DF5FA639A} = {B184A900-616A-4C2C-B723-2DA2AB113932}
		{B6D1CD25-F74D-4907-8FDF-6D3DD7DFD175} = {024BAAAE-AABF-4510-ABC9-EE5E86AEF7C0}
		{286E8985-C4E2-4521-A9E8-343E673B3F05} = {024BAAAE-AABF-4510-ABC9-EE5E86AEF7C0}
		{973DF275-8C8B-4C10-A92C-593BA4A71A8C} = {024BAAAE-AABF-4510-ABC9-EE5E86AEF7C0}
		{39036D1A-2B9A-4368-852F-CC8A9D345086} = {024BAAAE-AABF-4510-ABC9-EE5E86AEF7C0}
		{85ED69EB-53B6-4635-8537-21A4AF43C0A1} = {024BAAAE-AABF-4510-ABC9-EE5E86AEF7C0}
		{20C31D98-B66B-4166-8416-81A3E748B5E2} = {024BAAAE-AABF-4510-ABC9-EE5E86AEF7C0}
		{C6B1FABD-38DC-4708-BE08-9119E12FE898} = {024BAAAE-AABF-4510-ABC9-EE5E86AEF7C0}
		{E016638F-1191-4515-9726-5A4DE00AB95D} = {024BAAAE-AABF-4510-ABC9-EE5E86AEF7C0}
		{DD06E543-FA94-47FE-97C6-FF3324EE7CA6} = {024BAAAE-AABF-4510-ABC9-EE5E86AEF7C0}
		{1674B129-CF36-428F-AE71-A3203C8ED235} = {D549104E-E370-474D-B089-CA0EA0CE446A}
		{2901C757-36C3-449A-B56E-82920D59D28B} = {1674B129-CF36-428F-AE71-A3203C8ED235}
		{119DA2EA-689B-4693-BDA4-B0475DA619F5} = {1674B129-CF36-428F-AE71-A3203C8ED235}
		{468FDFFE-0D3E-4DE3-B071-041242371559} = {1674B129-CF36-428F-AE71-A3203C8ED235}
		{C0D641FA-DCB2-45EC-83B5-FF9D082CF2AD} = {1674B129-CF36-428F-AE71-A3203C8ED235}
	EndGlobalSection
	GlobalSection(ExtensibilityGlobals) = postSolution
		SolutionGuid = {96857BAE-7E45-4D92-838D-7B33677F0DE3}
	EndGlobalSection
EndGlobal
